{
  "object": {
    "pins": [
      {
        "package": "Holocron",
        "repositoryURL": "https://github.com/Renaissance8905/Holocron.git",
        "state": {
          "branch": "caching",
          "revision": "0b864a3bef095776c185975f6e0ceea8256e92cb",
          "version": null
        }
      }
    ]
  },
  "version": 1
}
